// !$*UTF8*$!
{
	archiveVersion = 1;
	classes = {
	};
	objectVersion = 52;
	objects = {

/* Begin PBXBuildFile section */
		111111111111111111111101 /* AppDelegate.swift in Sources */ = {isa = PBXBuildFile; fileRef = 222222222222222222222101 /* AppDelegate.swift */; };
		111111111111111111111102 /* MainViewController.swift in Sources */ = {isa = PBXBuildFile; fileRef = 222222222222222222222102 /* MainViewController.swift */; };
		111111111111111111111103 /* AnalogClockView.swift in Sources */ = {isa = PBXBuildFile; fileRef = 222222222222222222222103 /* AnalogClockView.swift */; };
		111111111111111111111104 /* CalendarMonthView.swift in Sources */ = {isa = PBXBuildFile; fileRef = 222222222222222222222104 /* CalendarMonthView.swift */; };
		111111111111111111111105 /* LaunchScreen.storyboard in Resources */ = {isa = PBXBuildFile; fileRef = 222222222222222222222106 /* LaunchScreen.storyboard */; };
		111111111111111111111106 /* Assets.xcassets in Resources */ = {isa = PBXBuildFile; fileRef = 222222222222222222222107 /* Assets.xcassets */; };
		111111111111111111111107 /* ClockSettings.swift in Sources */ = {isa = PBXBuildFile; fileRef = 222222222222222222222108 /* ClockSettings.swift */; };
		111111111111111111111108 /* SettingsViewController.swift in Sources */ = {isa = PBXBuildFile; fileRef = 222222222222222222222109 /* SettingsViewController.swift */; };
		111111111111111111111109 /* ScreenshotOptions.swift in Sources */ = {isa = PBXBuildFile; fileRef = 222222222222222222222110 /* ScreenshotOptions.swift */; };
		111111111111111111111110 /* SceneDelegate.swift in Sources */ = {isa = PBXBuildFile; fileRef = 222222222222222222222111 /* SceneDelegate.swift */; };
/* End PBXBuildFile section */

/* Begin PBXFileReference section */
		222222222222222222222001 /* AnalogCalendarClock.app */ = {isa = PBXFileReference; explicitFileType = wrapper.application; includeInIndex = 0; path = AnalogCalendarClock.app; sourceTree = BUILT_PRODUCTS_DIR; };
		222222222222222222222101 /* AppDelegate.swift */ = {isa = PBXFileReference; lastKnownFileType = sourcecode.swift; path = AppDelegate.swift; sourceTree = "<group>"; };
		222222222222222222222102 /* MainViewController.swift */ = {isa = PBXFileReference; lastKnownFileType = sourcecode.swift; path = MainViewController.swift; sourceTree = "<group>"; };
		222222222222222222222103 /* AnalogClockView.swift */ = {isa = PBXFileReference; lastKnownFileType = sourcecode.swift; path = AnalogClockView.swift; sourceTree = "<group>"; };
		222222222222222222222104 /* CalendarMonthView.swift */ = {isa = PBXFileReference; lastKnownFileType = sourcecode.swift; path = CalendarMonthView.swift; sourceTree = "<group>"; };
		222222222222222222222105 /* Info.plist */ = {isa = PBXFileReference; lastKnownFileType = text.plist.xml; path = Info.plist; sourceTree = "<group>"; };
		222222222222222222222106 /* LaunchScreen.storyboard */ = {isa = PBXFileReference; lastKnownFileType = file.storyboard; path = LaunchScreen.storyboard; sourceTree = "<group>"; };
		222222222222222222222107 /* Assets.xcassets */ = {isa = PBXFileReference; lastKnownFileType = folder.assetcatalog; path = Assets.xcassets; sourceTree = "<group>"; };
		222222222222222222222108 /* ClockSettings.swift */ = {isa = PBXFileReference; lastKnownFileType = sourcecode.swift; path = ClockSettings.swift; sourceTree = "<group>"; };
		222222222222222222222109 /* SettingsViewController.swift */ = {isa = PBXFileReference; lastKnownFileType = sourcecode.swift; path = SettingsViewController.swift; sourceTree = "<group>"; };
		222222222222222222222110 /* ScreenshotOptions.swift */ = {isa = PBXFileReference; lastKnownFileType = sourcecode.swift; path = ScreenshotOptions.swift; sourceTree = "<group>"; };
		222222222222222222222111 /* SceneDelegate.swift */ = {isa = PBXFileReference; lastKnownFileType = sourcecode.swift; path = SceneDelegate.swift; sourceTree = "<group>"; };
/* End PBXFileReference section */

/* Begin PBXFrameworksBuildPhase section */
		333333333333333333333101 /* Frameworks */ = {
			isa = PBXFrameworksBuildPhase;
			buildActionMask = 2147483647;
			files = (
			);
			runOnlyForDeploymentPostprocessing = 0;
		};
/* End PBXFrameworksBuildPhase section */

/* Begin PBXGroup section */
		444444444444444444444101 = {
			isa = PBXGroup;
			children = (
				444444444444444444444102 /* AnalogCalendarClock */,
				444444444444444444444103 /* Products */,
			);
			sourceTree = "<group>";
		};
		444444444444444444444102 /* AnalogCalendarClock */ = {
			isa = PBXGroup;
			children = (
				222222222222222222222101 /* AppDelegate.swift */,
				222222222222222222222111 /* SceneDelegate.swift */,
				222222222222222222222102 /* MainViewController.swift */,
				222222222222222222222103 /* AnalogClockView.swift */,
				222222222222222222222104 /* CalendarMonthView.swift */,
				222222222222222222222108 /* ClockSettings.swift */,
				222222222222222222222109 /* SettingsViewController.swift */,
				222222222222222222222110 /* ScreenshotOptions.swift */,
				222222222222222222222105 /* Info.plist */,
				222222222222222222222106 /* LaunchScreen.storyboard */,
				222222222222222222222107 /* Assets.xcassets */,
			);
			path = AnalogCalendarClock;
			sourceTree = "<group>";
		};
		444444444444444444444103 /* Products */ = {
			isa = PBXGroup;
			children = (
				222222222222222222222001 /* AnalogCalendarClock.app */,
			);
			name = Products;
			sourceTree = "<group>";
		};
/* End PBXGroup section */

/* Begin PBXNativeTarget section */
		555555555555555555555101 /* AnalogCalendarClock */ = {
			isa = PBXNativeTarget;
			buildConfigurationList = 999999999999999999999201 /* Build configuration list for PBXNativeTarget "AnalogCalendarClock" */;
			buildPhases = (
				666666666666666666666101 /* Sources */,
				333333333333333333333101 /* Frameworks */,
				666666666666666666666102 /* Resources */,
			);
			buildRules = (
			);
			dependencies = (
			);
			name = AnalogCalendarClock;
			productName = AnalogCalendarClock;
			productReference = 222222222222222222222001 /* AnalogCalendarClock.app */;
			productType = "com.apple.product-type.application";
		};
/* End PBXNativeTarget section */

/* Begin PBXProject section */
		777777777777777777777101 /* Project object */ = {
			isa = PBXProject;
			attributes = {
				LastSwiftUpdateCheck = 1530;
				LastUpgradeCheck = 1530;
				TargetAttributes = {
					555555555555555555555101 = {
						CreatedOnToolsVersion = 15.3;
					};
				};
			};
			buildConfigurationList = 999999999999999999999101 /* Build configuration list for PBXProject "AnalogCalendarClock" */;
			compatibilityVersion = "Xcode 11.0";
			developmentRegion = en;
			hasScannedForEncodings = 0;
			knownRegions = (
				en,
				Base,
			);
			mainGroup = 444444444444444444444101;
			productRefGroup = 444444444444444444444103 /* Products */;
			projectDirPath = "";
			projectRoot = "";
			targets = (
				555555555555555555555101 /* AnalogCalendarClock */,
			);
		};
/* End PBXProject section */

/* Begin PBXResourcesBuildPhase section */
		666666666666666666666102 /* Resources */ = {
			isa = PBXResourcesBuildPhase;
			buildActionMask = 2147483647;
			files = (
				111111111111111111111106 /* Assets.xcassets in Resources */,
				111111111111111111111105 /* LaunchScreen.storyboard in Resources */,
			);
			runOnlyForDeploymentPostprocessing = 0;
		};
/* End PBXResourcesBuildPhase section */

/* Begin PBXSourcesBuildPhase section */
		666666666666666666666101 /* Sources */ = {
			isa = PBXSourcesBuildPhase;
			buildActionMask = 2147483647;
			files = (
				111111111111111111111108 /* SettingsViewController.swift in Sources */,
				111111111111111111111109 /* ScreenshotOptions.swift in Sources */,
				111111111111111111111107 /* ClockSettings.swift in Sources */,
				111111111111111111111103 /* AnalogClockView.swift in Sources */,
				111111111111111111111104 /* CalendarMonthView.swift in Sources */,
				111111111111111111111102 /* MainViewController.swift in Sources */,
				111111111111111111111110 /* SceneDelegate.swift in Sources */,
				111111111111111111111101 /* AppDelegate.swift in Sources */,
			);
			runOnlyForDeploymentPostprocessing = 0;
		};
/* End PBXSourcesBuildPhase section */

/* Begin XCBuildConfiguration section */
		888888888888888888888101 /* Debug */ = {
			isa = XCBuildConfiguration;
			buildSettings = {
				ALWAYS_SEARCH_USER_PATHS = NO;
				CLANG_ANALYZER_NONNULL = YES;
				CLANG_ANALYZER_NUMBER_OBJECT_CONVERSION = YES_AGGRESSIVE;
				CLANG_CXX_LANGUAGE_STANDARD = "gnu++17";
				CLANG_ENABLE_MODULES = YES;
				CLANG_ENABLE_OBJC_ARC = YES;
				CLANG_ENABLE_OBJC_WEAK = YES;
				CLANG_WARN_BLOCK_CAPTURE_AUTORELEASING = YES;
				CLANG_WARN_BOOL_CONVERSION = YES;
				CLANG_WARN_COMMA = YES;
				CLANG_WARN_CONSTANT_CONVERSION = YES;
				CLANG_WARN_DEPRECATED_OBJC_IMPLEMENTATIONS = YES;
				CLANG_WARN_DIRECT_OBJC_ISA_USAGE = YES_ERROR;
				CLANG_WARN_DOCUMENTATION_COMMENTS = YES;
				CLANG_WARN_EMPTY_BODY = YES;
				CLANG_WARN_ENUM_CONVERSION = YES;
				CLANG_WARN_INFINITE_RECURSION = YES;
				CLANG_WARN_INT_CONVERSION = YES;
				CLANG_WARN_NON_LITERAL_NULL_CONVERSION = YES;
				CLANG_WARN_OBJC_IMPLICIT_RETAIN_SELF = YES;
				CLANG_WARN_OBJC_LITERAL_CONVERSION = YES;
				CLANG_WARN_OBJC_ROOT_CLASS = YES_ERROR;
				CLANG_WARN_QUOTED_INCLUDE_IN_FRAMEWORK_HEADER = YES;
				CLANG_WARN_RANGE_LOOP_ANALYSIS = YES;
				CLANG_WARN_STRICT_PROTOTYPES = YES;
				CLANG_WARN_SUSPICIOUS_MOVE = YES;
				CLANG_WARN_UNGUARDED_AVAILABILITY = YES_AGGRESSIVE;
				CLANG_WARN_UNREACHABLE_CODE = YES;
				CLANG_WARN__DUPLICATE_METHOD_MATCH = YES;
				COPY_PHASE_STRIP = NO;
				DEBUG_INFORMATION_FORMAT = dwarf;
				ENABLE_STRICT_OBJC_MSGSEND = YES;
				ENABLE_TESTABILITY = YES;
				GCC_C_LANGUAGE_STANDARD = gnu11;
				GCC_DYNAMIC_NO_PIC = NO;
				GCC_NO_COMMON_BLOCKS = YES;
				GCC_OPTIMIZATION_LEVEL = 0;
				GCC_PREPROCESSOR_DEFINITIONS = (
					"DEBUG=1",
					"$(inherited)",
				);
				GCC_WARN_64_TO_32_BIT_CONVERSION = YES;
				GCC_WARN_ABOUT_RETURN_TYPE = YES_ERROR;
				GCC_WARN_UNDECLARED_SELECTOR = YES;
				GCC_WARN_UNINITIALIZED_AUTOS = YES_AGGRESSIVE;
				GCC_WARN_UNUSED_FUNCTION = YES;
				GCC_WARN_UNUSED_VARIABLE = YES;
				IPHONEOS_DEPLOYMENT_TARGET = 12.0;
				MTL_ENABLE_DEBUG_INFO = INCLUDE_SOURCE;
				ONLY_ACTIVE_ARCH = YES;
				SDKROOT = iphoneos;
				SWIFT_ACTIVE_COMPILATION_CONDITIONS = DEBUG;
				SWIFT_OPTIMIZATION_LEVEL = "-Onone";
			};
			name = Debug;
		};
		888888888888888888888102 /* Release */ = {
			isa = XCBuildConfiguration;
			buildSettings = {
				ALWAYS_SEARCH_USER_PATHS = NO;
				CLANG_ANALYZER_NONNULL = YES;
				CLANG_ANALYZER_NUMBER_OBJECT_CONVERSION = YES_AGGRESSIVE;
				CLANG_CXX_LANGUAGE_STANDARD = "gnu++17";
				CLANG_ENABLE_MODULES = YES;
				CLANG_ENABLE_OBJC_ARC = YES;
				CLANG_ENABLE_OBJC_WEAK = YES;
				CLANG_WARN_BLOCK_CAPTURE_AUTORELEASING = YES;
				CLANG_WARN_BOOL_CONVERSION = YES;
				CLANG_WARN_COMMA = YES;
				CLANG_WARN_CONSTANT_CONVERSION = YES;
				CLANG_WARN_DEPRECATED_OBJC_IMPLEMENTATIONS = YES;
				CLANG_WARN_DIRECT_OBJC_ISA_USAGE = YES_ERROR;
				CLANG_WARN_DOCUMENTATION_COMMENTS = YES;
				CLANG_WARN_EMPTY_BODY = YES;
				CLANG_WARN_ENUM_CONVERSION = YES;
				CLANG_WARN_INFINITE_RECURSION = YES;
				CLANG_WARN_INT_CONVERSION = YES;
				CLANG_WARN_NON_LITERAL_NULL_CONVERSION = YES;
				CLANG_WARN_OBJC_IMPLICIT_RETAIN_SELF = YES;
				CLANG_WARN_OBJC_LITERAL_CONVERSION = YES;
				CLANG_WARN_OBJC_ROOT_CLASS = YES_ERROR;
				CLANG_WARN_QUOTED_INCLUDE_IN_FRAMEWORK_HEADER = YES;
				CLANG_WARN_RANGE_LOOP_ANALYSIS = YES;
				CLANG_WARN_STRICT_PROTOTYPES = YES;
				CLANG_WARN_SUSPICIOUS_MOVE = YES;
				CLANG_WARN_UNGUARDED_AVAILABILITY = YES_AGGRESSIVE;
				CLANG_WARN_UNREACHABLE_CODE = YES;
				CLANG_WARN__DUPLICATE_METHOD_MATCH = YES;
				COPY_PHASE_STRIP = NO;
				DEBUG_INFORMATION_FORMAT = "dwarf-with-dsym";
				ENABLE_NS_ASSERTIONS = NO;
				ENABLE_STRICT_OBJC_MSGSEND = YES;
				GCC_C_LANGUAGE_STANDARD = gnu11;
				GCC_NO_COMMON_BLOCKS = YES;
				GCC_WARN_64_TO_32_BIT_CONVERSION = YES;
				GCC_WARN_ABOUT_RETURN_TYPE = YES_ERROR;
				GCC_WARN_UNDECLARED_SELECTOR = YES;
				GCC_WARN_UNINITIALIZED_AUTOS = YES_AGGRESSIVE;
				GCC_WARN_UNUSED_FUNCTION = YES;
				GCC_WARN_UNUSED_VARIABLE = YES;
				IPHONEOS_DEPLOYMENT_TARGET = 12.0;
				MTL_ENABLE_DEBUG_INFO = NO;
				SDKROOT = iphoneos;
				SWIFT_COMPILATION_MODE = wholemodule;
				SWIFT_OPTIMIZATION_LEVEL = "-O";
				VALIDATE_PRODUCT = YES;
			};
			name = Release;
		};
		888888888888888888888201 /* Debug */ = {
			isa = XCBuildConfiguration;
			buildSettings = {
				ASSETCATALOG_COMPILER_APPICON_NAME = AppIcon;
				CODE_SIGN_STYLE = Automatic;
				DEVELOPMENT_TEAM = YUB77X66X2;
				INFOPLIST_FILE = AnalogCalendarClock/Info.plist;
				IPHONEOS_DEPLOYMENT_TARGET = 12.0;
				LD_RUNPATH_SEARCH_PATHS = (
					"$(inherited)",
					"@executable_path/Frameworks",
				);
				MARKETING_VERSION = 1.0;
				PRODUCT_BUNDLE_IDENTIFIER = com.taichiumeki.analogcalendarclock;
				PRODUCT_NAME = "$(TARGET_NAME)";
				SWIFT_VERSION = 5.0;
				TARGETED_DEVICE_FAMILY = "1,2";
			};
			name = Debug;
		};
		888888888888888888888202 /* Release */ = {
			isa = XCBuildConfiguration;
			buildSettings = {
				ASSETCATALOG_COMPILER_APPICON_NAME = AppIcon;
				CODE_SIGN_STYLE = Automatic;
				DEVELOPMENT_TEAM = YUB77X66X2;
				INFOPLIST_FILE = AnalogCalendarClock/Info.plist;
				IPHONEOS_DEPLOYMENT_TARGET = 12.0;
				LD_RUNPATH_SEARCH_PATHS = (
					"$(inherited)",
					"@executable_path/Frameworks",
				);
				MARKETING_VERSION = 1.0;
				PRODUCT_BUNDLE_IDENTIFIER = com.taichiumeki.analogcalendarclock;
				PRODUCT_NAME = "$(TARGET_NAME)";
				SWIFT_VERSION = 5.0;
				TARGETED_DEVICE_FAMILY = "1,2";
			};
			name = Release;
		};
/* End XCBuildConfiguration section */

/* Begin XCConfigurationList section */
		999999999999999999999101 /* Build configuration list for PBXProject "AnalogCalendarClock" */ = {
			isa = XCConfigurationList;
			buildConfigurations = (
				888888888888888888888101 /* Debug */,
				888888888888888888888102 /* Release */,
			);
			defaultConfigurationIsVisible = 0;
			defaultConfigurationName = Release;
		};
		999999999999999999999201 /* Build configuration list for PBXNativeTarget "AnalogCalendarClock" */ = {
			isa = XCConfigurationList;
			buildConfigurations = (
				888888888888888888888201 /* Debug */,
				888888888888888888888202 /* Release */,
			);
			defaultConfigurationIsVisible = 0;
			defaultConfigurationName = Release;
		};
/* End XCConfigurationList section */
	};
	rootObject = 777777777777777777777101 /* Project object */;
}
